
Microsoft Visual Studio Solution File, Format Version 12.00
# Visual Studio Version 17
VisualStudioVersion = 17.7.34031.279
MinimumVisualStudioVersion = 10.0.40219.1
Project("{9A19103F-16F7-4668-BE54-9A1E7A4F7556}") = "TestDataBase", "TestDataBase\TestDataBase.csproj", "{BED274F5-797E-4D6F-B6D7-3F5E8116E20A}"
EndProject
Project("{FAE04EC0-301F-11D3-BF4B-00C04F79EFBC}") = "ProductWinApp", "ProductWinApp\ProductWinApp.csproj", "{28CF6137-40B1-48E9-BC1C-653CFC4E68DA}"
EndProject
Global
	GlobalSection(SolutionConfigurationPlatforms) = preSolution
		Debug|Any CPU = Debug|Any CPU
		Release|Any CPU = Release|Any CPU
	EndGlobalSection
	GlobalSection(ProjectConfigurationPlatforms) = postSolution
		{BED274F5-797E-4D6F-B6D7-3F5E8116E20A}.Debug|Any CPU.ActiveCfg = Debug|Any CPU
		{BED274F5-797E-4D6F-B6D7-3F5E8116E20A}.Debug|Any CPU.Build.0 = Debug|Any CPU
		{BED274F5-797E-4D6F-B6D7-3F5E8116E20A}.Release|Any CPU.ActiveCfg = Release|Any CPU
		{BED274F5-797E-4D6F-B6D7-3F5E8116E20A}.Release|Any CPU.Build.0 = Release|Any CPU
		{28CF6137-40B1-48E9-BC1C-653CFC4E68DA}.Debug|Any CPU.ActiveCfg = Debug|Any CPU
		{28CF6137-40B1-48E9-BC1C-653CFC4E68DA}.Debug|Any CPU.Build.0 = Debug|Any CPU
		{28CF6137-40B1-48E9-BC1C-653CFC4E68DA}.Release|Any CPU.ActiveCfg = Release|Any CPU
		{28CF6137-40B1-48E9-BC1C-653CFC4E68DA}.Release|Any CPU.Build.0 = Release|Any CPU
	EndGlobalSection
	GlobalSection(SolutionProperties) = preSolution
		HideSolutionNode = FALSE
	EndGlobalSection
	GlobalSection(ExtensibilityGlobals) = postSolution
		SolutionGuid = {2297FDA7-F03C-4F8F-9B11-F40475B210AC}
	EndGlobalSection
EndGlobal
